{
  "nodes": {
    "nixpkgs": {
      "locked": {
        "lastModified": 1691853136,
        "narHash": "sha256-wTzDsRV4HN8A2Sl0SVQY0q8ILs90CD43Ha//7gNZE+E=",
        "owner": "nixos",
        "repo": "nixpkgs",
        "rev": "f0451844bbdf545f696f029d1448de4906c7f753",
        "type": "github"
      },
      "original": {
        "owner": "nixos",
        "ref": "nixpkgs-unstable",
        "repo": "nixpkgs",
        "type": "github"
      }
    },
    "root": {
      "inputs": {
        "nixpkgs": "nixpkgs",
        "slippi-desktop": "slippi-desktop"
      }
    },
    "slippi-desktop": {
      "flake": false,
      "locked": {
        "lastModified": 1691898220,
        "narHash": "sha256-fUcICttCot6hM4xqUdTGfIcW4ImFiHYWKP9Q63g56Ag=",
        "owner": "project-slippi",
        "repo": "slippi-desktop-app",
        "rev": "45c4b707bec00111bda7ae8874dd520cdcd37e05",
        "type": "github"
      },
      "original": {
        "owner": "project-slippi",
        "repo": "slippi-desktop-app",
        "type": "github"
      }
    }
  },
  "root": "root",
  "version": 7
}
